// !$*UTF8*$!
{
	archiveVersion = 1;
	classes = {
	};
	objectVersion = 56;
	objects = {

/* Begin PBXBuildFile section */
		ABE411E5291F4E4300DA7439 /* AppDelegate.swift in Sources */ = {isa = PBXBuildFile; fileRef = ABE411E4291F4E4300DA7439 /* AppDelegate.swift */; };
		ABE411E7291F4E4300DA7439 /* SceneDelegate.swift in Sources */ = {isa = PBXBuildFile; fileRef = ABE411E6291F4E4300DA7439 /* SceneDelegate.swift */; };
		ABE411E9291F4E4300DA7439 /* ViewController.swift in Sources */ = {isa = PBXBuildFile; fileRef = ABE411E8291F4E4300DA7439 /* ViewController.swift */; };
		ABE411EC291F4E4300DA7439 /* Main.storyboard in Resources */ = {isa = PBXBuildFile; fileRef = ABE411EA291F4E4300DA7439 /* Main.storyboard */; };
		ABE411EE291F4E4700DA7439 /* Assets.xcassets in Resources */ = {isa = PBXBuildFile; fileRef = ABE411ED291F4E4700DA7439 /* Assets.xcassets */; };
		ABE411F1291F4E4700DA7439 /* LaunchScreen.storyboard in Resources */ = {isa = PBXBuildFile; fileRef = ABE411EF291F4E4700DA7439 /* LaunchScreen.storyboard */; };
/* End PBXBuildFile section */

/* Begin PBXFileReference section */
		ABAA5777292026E50008F771 /* .swiftlint.yml */ = {isa = PBXFileReference; lastKnownFileType = text.yaml; path = .swiftlint.yml; sourceTree = SOURCE_ROOT; };
		ABE411E1291F4E4300DA7439 /* BaseMVVM.app */ = {isa = PBXFileReference; explicitFileType = wrapper.application; includeInIndex = 0; path = BaseMVVM.app; sourceTree = BUILT_PRODUCTS_DIR; };
		ABE411E4291F4E4300DA7439 /* AppDelegate.swift */ = {isa = PBXFileReference; lastKnownFileType = sourcecode.swift; path = AppDelegate.swift; sourceTree = "<group>"; };
		ABE411E6291F4E4300DA7439 /* SceneDelegate.swift */ = {isa = PBXFileReference; lastKnownFileType = sourcecode.swift; path = SceneDelegate.swift; sourceTree = "<group>"; };
		ABE411E8291F4E4300DA7439 /* ViewController.swift */ = {isa = PBXFileReference; lastKnownFileType = sourcecode.swift; path = ViewController.swift; sourceTree = "<group>"; };
		ABE411EB291F4E4300DA7439 /* Base */ = {isa = PBXFileReference; lastKnownFileType = file.storyboard; name = Base; path = Base.lproj/Main.storyboard; sourceTree = "<group>"; };
		ABE411ED291F4E4700DA7439 /* Assets.xcassets */ = {isa = PBXFileReference; lastKnownFileType = folder.assetcatalog; path = Assets.xcassets; sourceTree = "<group>"; };
		ABE411F0291F4E4700DA7439 /* Base */ = {isa = PBXFileReference; lastKnownFileType = file.storyboard; name = Base; path = Base.lproj/LaunchScreen.storyboard; sourceTree = "<group>"; };
		ABE411F2291F4E4700DA7439 /* Info.plist */ = {isa = PBXFileReference; lastKnownFileType = text.plist.xml; path = Info.plist; sourceTree = "<group>"; };
/* End PBXFileReference section */

/* Begin PBXFrameworksBuildPhase section */
		ABE411DE291F4E4200DA7439 /* Frameworks */ = {
			isa = PBXFrameworksBuildPhase;
			buildActionMask = 2147483647;
			files = (
			);
			runOnlyForDeploymentPostprocessing = 0;
		};
/* End PBXFrameworksBuildPhase section */

/* Begin PBXGroup section */
		ABAA5769291F60D80008F771 /* Screens */ = {
			isa = PBXGroup;
			children = (
				ABAA576A291F60F10008F771 /* Login */,
			);
			path = Screens;
			sourceTree = "<group>";
		};
		ABAA576A291F60F10008F771 /* Login */ = {
			isa = PBXGroup;
			children = (
			);
			path = Login;
			sourceTree = "<group>";
		};
		ABAA576B291F61180008F771 /* Configurations */ = {
			isa = PBXGroup;
			children = (
			);
			path = Configurations;
			sourceTree = "<group>";
		};
		ABAA576C291F61930008F771 /* Mics */ = {
			isa = PBXGroup;
			children = (
				ABAA576E291F61CB0008F771 /* Extensions */,
				ABAA576D291F61C30008F771 /* Resource */,
			);
			path = Mics;
			sourceTree = "<group>";
		};
		ABAA576D291F61C30008F771 /* Resource */ = {
			isa = PBXGroup;
			children = (
			);
			path = Resource;
			sourceTree = "<group>";
		};
		ABAA576E291F61CB0008F771 /* Extensions */ = {
			isa = PBXGroup;
			children = (
			);
			path = Extensions;
			sourceTree = "<group>";
		};
		ABE411D8291F4E4200DA7439 = {
			isa = PBXGroup;
			children = (
				ABE411E3291F4E4300DA7439 /* BaseMVVM */,
				ABE411E2291F4E4300DA7439 /* Products */,
			);
			sourceTree = "<group>";
		};
		ABE411E2291F4E4300DA7439 /* Products */ = {
			isa = PBXGroup;
			children = (
				ABE411E1291F4E4300DA7439 /* BaseMVVM.app */,
			);
			name = Products;
			sourceTree = "<group>";
		};
		ABE411E3291F4E4300DA7439 /* BaseMVVM */ = {
			isa = PBXGroup;
			children = (
				ABAA5777292026E50008F771 /* .swiftlint.yml */,
				ABAA576B291F61180008F771 /* Configurations */,
				ABAA5769291F60D80008F771 /* Screens */,
				ABAA576C291F61930008F771 /* Mics */,
				ABE411E4291F4E4300DA7439 /* AppDelegate.swift */,
				ABE411E6291F4E4300DA7439 /* SceneDelegate.swift */,
				ABE411E8291F4E4300DA7439 /* ViewController.swift */,
				ABE411EA291F4E4300DA7439 /* Main.storyboard */,
				ABE411ED291F4E4700DA7439 /* Assets.xcassets */,
				ABE411EF291F4E4700DA7439 /* LaunchScreen.storyboard */,
				ABE411F2291F4E4700DA7439 /* Info.plist */,
			);
			path = BaseMVVM;
			sourceTree = "<group>";
		};
/* End PBXGroup section */

/* Begin PBXNativeTarget section */
		ABE411E0291F4E4200DA7439 /* BaseMVVM */ = {
			isa = PBXNativeTarget;
			buildConfigurationList = ABE411F5291F4E4700DA7439 /* Build configuration list for PBXNativeTarget "BaseMVVM" */;
			buildPhases = (
				ABE411DD291F4E4200DA7439 /* Sources */,
				ABE411DE291F4E4200DA7439 /* Frameworks */,
				ABE411DF291F4E4200DA7439 /* Resources */,
			);
			buildRules = (
			);
			dependencies = (
				ABAA5775292023CA0008F771 /* PBXTargetDependency */,
			);
			name = BaseMVVM;
			packageProductDependencies = (
			);
			productName = BaseMVVM;
			productReference = ABE411E1291F4E4300DA7439 /* BaseMVVM.app */;
			productType = "com.apple.product-type.application";
		};
/* End PBXNativeTarget section */

/* Begin PBXProject section */
		ABE411D9291F4E4200DA7439 /* Project object */ = {
			isa = PBXProject;
			attributes = {
				BuildIndependentTargetsInParallel = 1;
				LastSwiftUpdateCheck = 1410;
				LastUpgradeCheck = 1410;
				TargetAttributes = {
					ABE411E0291F4E4200DA7439 = {
						CreatedOnToolsVersion = 14.1;
					};
				};
			};
			buildConfigurationList = ABE411DC291F4E4200DA7439 /* Build configuration list for PBXProject "BaseMVVM" */;
			compatibilityVersion = "Xcode 14.0";
			developmentRegion = en;
			hasScannedForEncodings = 0;
			knownRegions = (
				en,
				Base,
			);
			mainGroup = ABE411D8291F4E4200DA7439;
			packageReferences = (
				ABAA5773292023A40008F771 /* XCRemoteSwiftPackageReference "SwiftLint" */,
			);
			productRefGroup = ABE411E2291F4E4300DA7439 /* Products */;
			projectDirPath = "";
			projectRoot = "";
			targets = (
				ABE411E0291F4E4200DA7439 /* BaseMVVM */,
			);
		};
/* End PBXProject section */

/* Begin PBXResourcesBuildPhase section */
		ABE411DF291F4E4200DA7439 /* Resources */ = {
			isa = PBXResourcesBuildPhase;
			buildActionMask = 2147483647;
			files = (
				ABE411F1291F4E4700DA7439 /* LaunchScreen.storyboard in Resources */,
				ABE411EE291F4E4700DA7439 /* Assets.xcassets in Resources */,
				ABE411EC291F4E4300DA7439 /* Main.storyboard in Resources */,
			);
			runOnlyForDeploymentPostprocessing = 0;
		};
/* End PBXResourcesBuildPhase section */

/* Begin PBXSourcesBuildPhase section */
		ABE411DD291F4E4200DA7439 /* Sources */ = {
			isa = PBXSourcesBuildPhase;
			buildActionMask = 2147483647;
			files = (
				ABE411E9291F4E4300DA7439 /* ViewController.swift in Sources */,
				ABE411E5291F4E4300DA7439 /* AppDelegate.swift in Sources */,
				ABE411E7291F4E4300DA7439 /* SceneDelegate.swift in Sources */,
			);
			runOnlyForDeploymentPostprocessing = 0;
		};
/* End PBXSourcesBuildPhase section */

/* Begin PBXTargetDependency section */
		ABAA5775292023CA0008F771 /* PBXTargetDependency */ = {
			isa = PBXTargetDependency;
			productRef = ABAA5774292023CA0008F771 /* SwiftLintPlugin */;
		};
/* End PBXTargetDependency section */

/* Begin PBXVariantGroup section */
		ABE411EA291F4E4300DA7439 /* Main.storyboard */ = {
			isa = PBXVariantGroup;
			children = (
				ABE411EB291F4E4300DA7439 /* Base */,
			);
			name = Main.storyboard;
			sourceTree = "<group>";
		};
		ABE411EF291F4E4700DA7439 /* LaunchScreen.storyboard */ = {
			isa = PBXVariantGroup;
			children = (
				ABE411F0291F4E4700DA7439 /* Base */,
			);
			name = LaunchScreen.storyboard;
			sourceTree = "<group>";
		};
/* End PBXVariantGroup section */

/* Begin XCBuildConfiguration section */
		ABE411F3291F4E4700DA7439 /* Debug */ = {
			isa = XCBuildConfiguration;
			buildSettings = {
				ALWAYS_SEARCH_USER_PATHS = NO;
				CLANG_ANALYZER_NONNULL = YES;
				CLANG_ANALYZER_NUMBER_OBJECT_CONVERSION = YES_AGGRESSIVE;
				CLANG_CXX_LANGUAGE_STANDARD = "gnu++20";
				CLANG_ENABLE_MODULES = YES;
				CLANG_ENABLE_OBJC_ARC = YES;
				CLANG_ENABLE_OBJC_WEAK = YES;
				CLANG_WARN_BLOCK_CAPTURE_AUTORELEASING = YES;
				CLANG_WARN_BOOL_CONVERSION = YES;
				CLANG_WARN_COMMA = YES;
				CLANG_WARN_CONSTANT_CONVERSION = YES;
				CLANG_WARN_DEPRECATED_OBJC_IMPLEMENTATIONS = YES;
				CLANG_WARN_DIRECT_OBJC_ISA_USAGE = YES_ERROR;
				CLANG_WARN_DOCUMENTATION_COMMENTS = YES;
				CLANG_WARN_EMPTY_BODY = YES;
				CLANG_WARN_ENUM_CONVERSION = YES;
				CLANG_WARN_INFINITE_RECURSION = YES;
				CLANG_WARN_INT_CONVERSION = YES;
				CLANG_WARN_NON_LITERAL_NULL_CONVERSION = YES;
				CLANG_WARN_OBJC_IMPLICIT_RETAIN_SELF = YES;
				CLANG_WARN_OBJC_LITERAL_CONVERSION = YES;
				CLANG_WARN_OBJC_ROOT_CLASS = YES_ERROR;
				CLANG_WARN_QUOTED_INCLUDE_IN_FRAMEWORK_HEADER = YES;
				CLANG_WARN_RANGE_LOOP_ANALYSIS = YES;
				CLANG_WARN_STRICT_PROTOTYPES = YES;
				CLANG_WARN_SUSPICIOUS_MOVE = YES;
				CLANG_WARN_UNGUARDED_AVAILABILITY = YES_AGGRESSIVE;
				CLANG_WARN_UNREACHABLE_CODE = YES;
				CLANG_WARN__DUPLICATE_METHOD_MATCH = YES;
				COPY_PHASE_STRIP = NO;
				DEBUG_INFORMATION_FORMAT = dwarf;
				ENABLE_STRICT_OBJC_MSGSEND = YES;
				ENABLE_TESTABILITY = YES;
				GCC_C_LANGUAGE_STANDARD = gnu11;
				GCC_DYNAMIC_NO_PIC = NO;
				GCC_NO_COMMON_BLOCKS = YES;
				GCC_OPTIMIZATION_LEVEL = 0;
				GCC_PREPROCESSOR_DEFINITIONS = (
					"DEBUG=1",
					"$(inherited)",
				);
				GCC_WARN_64_TO_32_BIT_CONVERSION = YES;
				GCC_WARN_ABOUT_RETURN_TYPE = YES_ERROR;
				GCC_WARN_UNDECLARED_SELECTOR = YES;
				GCC_WARN_UNINITIALIZED_AUTOS = YES_AGGRESSIVE;
				GCC_WARN_UNUSED_FUNCTION = YES;
				GCC_WARN_UNUSED_VARIABLE = YES;
				IPHONEOS_DEPLOYMENT_TARGET = 16.1;
				MTL_ENABLE_DEBUG_INFO = INCLUDE_SOURCE;
				MTL_FAST_MATH = YES;
				ONLY_ACTIVE_ARCH = YES;
				SDKROOT = iphoneos;
				SWIFT_ACTIVE_COMPILATION_CONDITIONS = DEBUG;
				SWIFT_OPTIMIZATION_LEVEL = "-Onone";
			};
			name = Debug;
		};
		ABE411F4291F4E4700DA7439 /* Release */ = {
			isa = XCBuildConfiguration;
			buildSettings = {
				ALWAYS_SEARCH_USER_PATHS = NO;
				CLANG_ANALYZER_NONNULL = YES;
				CLANG_ANALYZER_NUMBER_OBJECT_CONVERSION = YES_AGGRESSIVE;
				CLANG_CXX_LANGUAGE_STANDARD = "gnu++20";
				CLANG_ENABLE_MODULES = YES;
				CLANG_ENABLE_OBJC_ARC = YES;
				CLANG_ENABLE_OBJC_WEAK = YES;
				CLANG_WARN_BLOCK_CAPTURE_AUTORELEASING = YES;
				CLANG_WARN_BOOL_CONVERSION = YES;
				CLANG_WARN_COMMA = YES;
				CLANG_WARN_CONSTANT_CONVERSION = YES;
				CLANG_WARN_DEPRECATED_OBJC_IMPLEMENTATIONS = YES;
				CLANG_WARN_DIRECT_OBJC_ISA_USAGE = YES_ERROR;
				CLANG_WARN_DOCUMENTATION_COMMENTS = YES;
				CLANG_WARN_EMPTY_BODY = YES;
				CLANG_WARN_ENUM_CONVERSION = YES;
				CLANG_WARN_INFINITE_RECURSION = YES;
				CLANG_WARN_INT_CONVERSION = YES;
				CLANG_WARN_NON_LITERAL_NULL_CONVERSION = YES;
				CLANG_WARN_OBJC_IMPLICIT_RETAIN_SELF = YES;
				CLANG_WARN_OBJC_LITERAL_CONVERSION = YES;
				CLANG_WARN_OBJC_ROOT_CLASS = YES_ERROR;
				CLANG_WARN_QUOTED_INCLUDE_IN_FRAMEWORK_HEADER = YES;
				CLANG_WARN_RANGE_LOOP_ANALYSIS = YES;
				CLANG_WARN_STRICT_PROTOTYPES = YES;
				CLANG_WARN_SUSPICIOUS_MOVE = YES;
				CLANG_WARN_UNGUARDED_AVAILABILITY = YES_AGGRESSIVE;
				CLANG_WARN_UNREACHABLE_CODE = YES;
				CLANG_WARN__DUPLICATE_METHOD_MATCH = YES;
				COPY_PHASE_STRIP = NO;
				DEBUG_INFORMATION_FORMAT = "dwarf-with-dsym";
				ENABLE_NS_ASSERTIONS = NO;
				ENABLE_STRICT_OBJC_MSGSEND = YES;
				GCC_C_LANGUAGE_STANDARD = gnu11;
				GCC_NO_COMMON_BLOCKS = YES;
				GCC_WARN_64_TO_32_BIT_CONVERSION = YES;
				GCC_WARN_ABOUT_RETURN_TYPE = YES_ERROR;
				GCC_WARN_UNDECLARED_SELECTOR = YES;
				GCC_WARN_UNINITIALIZED_AUTOS = YES_AGGRESSIVE;
				GCC_WARN_UNUSED_FUNCTION = YES;
				GCC_WARN_UNUSED_VARIABLE = YES;
				IPHONEOS_DEPLOYMENT_TARGET = 16.1;
				MTL_ENABLE_DEBUG_INFO = NO;
				MTL_FAST_MATH = YES;
				SDKROOT = iphoneos;
				SWIFT_COMPILATION_MODE = wholemodule;
				SWIFT_OPTIMIZATION_LEVEL = "-O";
				VALIDATE_PRODUCT = YES;
			};
			name = Release;
		};
		ABE411F6291F4E4700DA7439 /* Debug */ = {
			isa = XCBuildConfiguration;
			buildSettings = {
				ASSETCATALOG_COMPILER_APPICON_NAME = AppIcon;
				ASSETCATALOG_COMPILER_GLOBAL_ACCENT_COLOR_NAME = AccentColor;
				CODE_SIGN_STYLE = Automatic;
				CURRENT_PROJECT_VERSION = 1;
				GENERATE_INFOPLIST_FILE = YES;
				INFOPLIST_FILE = BaseMVVM/Info.plist;
				INFOPLIST_KEY_UIApplicationSupportsIndirectInputEvents = YES;
				INFOPLIST_KEY_UILaunchStoryboardName = LaunchScreen;
				INFOPLIST_KEY_UIMainStoryboardFile = Main;
				INFOPLIST_KEY_UISupportedInterfaceOrientations = "UIInterfaceOrientationPortrait UIInterfaceOrientationPortraitUpsideDown";
				IPHONEOS_DEPLOYMENT_TARGET = 14.0;
				LD_RUNPATH_SEARCH_PATHS = (
					"$(inherited)",
					"@executable_path/Frameworks",
				);
				MARKETING_VERSION = 1.0;
				PRODUCT_BUNDLE_IDENTIFIER = tuan.nva.BaseMVVM;
				PRODUCT_NAME = "$(TARGET_NAME)";
				SWIFT_EMIT_LOC_STRINGS = YES;
				SWIFT_VERSION = 5.0;
				TARGETED_DEVICE_FAMILY = "1,2";
			};
			name = Debug;
		};
		ABE411F7291F4E4700DA7439 /* Release */ = {
			isa = XCBuildConfiguration;
			buildSettings = {
				ASSETCATALOG_COMPILER_APPICON_NAME = AppIcon;
				ASSETCATALOG_COMPILER_GLOBAL_ACCENT_COLOR_NAME = AccentColor;
				CODE_SIGN_STYLE = Automatic;
				CURRENT_PROJECT_VERSION = 1;
				GENERATE_INFOPLIST_FILE = YES;
				INFOPLIST_FILE = BaseMVVM/Info.plist;
				INFOPLIST_KEY_UIApplicationSupportsIndirectInputEvents = YES;
				INFOPLIST_KEY_UILaunchStoryboardName = LaunchScreen;
				INFOPLIST_KEY_UIMainStoryboardFile = Main;
				INFOPLIST_KEY_UISupportedInterfaceOrientations = "UIInterfaceOrientationPortrait UIInterfaceOrientationPortraitUpsideDown";
				IPHONEOS_DEPLOYMENT_TARGET = 14.0;
				LD_RUNPATH_SEARCH_PATHS = (
					"$(inherited)",
					"@executable_path/Frameworks",
				);
				MARKETING_VERSION = 1.0;
				PRODUCT_BUNDLE_IDENTIFIER = tuan.nva.BaseMVVM;
				PRODUCT_NAME = "$(TARGET_NAME)";
				SWIFT_EMIT_LOC_STRINGS = YES;
				SWIFT_VERSION = 5.0;
				TARGETED_DEVICE_FAMILY = "1,2";
			};
			name = Release;
		};
/* End XCBuildConfiguration section */

/* Begin XCConfigurationList section */
		ABE411DC291F4E4200DA7439 /* Build configuration list for PBXProject "BaseMVVM" */ = {
			isa = XCConfigurationList;
			buildConfigurations = (
				ABE411F3291F4E4700DA7439 /* Debug */,
				ABE411F4291F4E4700DA7439 /* Release */,
			);
			defaultConfigurationIsVisible = 0;
			defaultConfigurationName = Release;
		};
		ABE411F5291F4E4700DA7439 /* Build configuration list for PBXNativeTarget "BaseMVVM" */ = {
			isa = XCConfigurationList;
			buildConfigurations = (
				ABE411F6291F4E4700DA7439 /* Debug */,
				ABE411F7291F4E4700DA7439 /* Release */,
			);
			defaultConfigurationIsVisible = 0;
			defaultConfigurationName = Release;
		};
/* End XCConfigurationList section */

/* Begin XCRemoteSwiftPackageReference section */
		ABAA5773292023A40008F771 /* XCRemoteSwiftPackageReference "SwiftLint" */ = {
			isa = XCRemoteSwiftPackageReference;
			repositoryURL = "https://github.com/realm/SwiftLint";
			requirement = {
				branch = main;
				kind = branch;
			};
		};
/* End XCRemoteSwiftPackageReference section */

/* Begin XCSwiftPackageProductDependency section */
		ABAA5774292023CA0008F771 /* SwiftLintPlugin */ = {
			isa = XCSwiftPackageProductDependency;
			package = ABAA5773292023A40008F771 /* XCRemoteSwiftPackageReference "SwiftLint" */;
			productName = "plugin:SwiftLintPlugin";
		};
/* End XCSwiftPackageProductDependency section */
	};
	rootObject = ABE411D9291F4E4200DA7439 /* Project object */;
}
